
Microsoft Visual Studio Solution File, Format Version 12.00
# Visual Studio Version 16
VisualStudioVersion = 16.0.30523.141
MinimumVisualStudioVersion = 10.0.40219.1
Project("{FAE04EC0-301F-11D3-BF4B-00C04F79EFBC}") = "DZ3Fixed", "DZ3Fixed\DZ3Fixed.csproj", "{C89AD061-5148-4072-BB08-A7E5E4A4AD10}"
EndProject
Global
	GlobalSection(SolutionConfigurationPlatforms) = preSolution
		Debug|Any CPU = Debug|Any CPU
		Release|Any CPU = Release|Any CPU
	EndGlobalSection
	GlobalSection(ProjectConfigurationPlatforms) = postSolution
		{C89AD061-5148-4072-BB08-A7E5E4A4AD10}.Debug|Any CPU.ActiveCfg = Debug|Any CPU
		{C89AD061-5148-4072-BB08-A7E5E4A4AD10}.Debug|Any CPU.Build.0 = Debug|Any CPU
		{C89AD061-5148-4072-BB08-A7E5E4A4AD10}.Release|Any CPU.ActiveCfg = Release|Any CPU
		{C89AD061-5148-4072-BB08-A7E5E4A4AD10}.Release|Any CPU.Build.0 = Release|Any CPU
	EndGlobalSection
	GlobalSection(SolutionProperties) = preSolution
		HideSolutionNode = FALSE
	EndGlobalSection
	GlobalSection(ExtensibilityGlobals) = postSolution
		SolutionGuid = {C0712EAF-A8E1-4B0D-A44D-F6F4162F2B3D}
	EndGlobalSection
EndGlobal
